
Microsoft Visual Studio Solution File, Format Version 12.00
# Visual Studio Version 17
VisualStudioVersion = 17.1.32328.378
MinimumVisualStudioVersion = 10.0.40219.1
Project("{FAE04EC0-301F-11D3-BF4B-00C04F79EFBC}") = "practicerepo2day3checkemp", "practicerepo2day3checkemp\practicerepo2day3checkemp.csproj", "{442A6413-CFB1-429C-9884-EDA68A3B96F3}"
EndProject
Global
	GlobalSection(SolutionConfigurationPlatforms) = preSolution
		Debug|Any CPU = Debug|Any CPU
		Release|Any CPU = Release|Any CPU
	EndGlobalSection
	GlobalSection(ProjectConfigurationPlatforms) = postSolution
		{442A6413-CFB1-429C-9884-EDA68A3B96F3}.Debug|Any CPU.ActiveCfg = Debug|Any CPU
		{442A6413-CFB1-429C-9884-EDA68A3B96F3}.Debug|Any CPU.Build.0 = Debug|Any CPU
		{442A6413-CFB1-429C-9884-EDA68A3B96F3}.Release|Any CPU.ActiveCfg = Release|Any CPU
		{442A6413-CFB1-429C-9884-EDA68A3B96F3}.Release|Any CPU.Build.0 = Release|Any CPU
	EndGlobalSection
	GlobalSection(SolutionProperties) = preSolution
		HideSolutionNode = FALSE
	EndGlobalSection
	GlobalSection(ExtensibilityGlobals) = postSolution
		SolutionGuid = {98E040D1-3CAB-4473-A596-BDC9DA00A2B9}
	EndGlobalSection
EndGlobal
